// !$*UTF8*$!
{
	archiveVersion = 1;
	classes = {
	};
	objectVersion = 50;
	objects = {

/* Begin PBXBuildFile section */
		2129ACF726D1421F00996D17 /* NetworkWeatherStore.swift in Sources */ = {isa = PBXBuildFile; fileRef = 2129ACF626D1421F00996D17 /* NetworkWeatherStore.swift */; };
		2129ACF926D1497600996D17 /* NetworkManager.swift in Sources */ = {isa = PBXBuildFile; fileRef = 2129ACF826D1497600996D17 /* NetworkManager.swift */; };
		2129ACFB26D1C81600996D17 /* LandmarksDataSource.swift in Sources */ = {isa = PBXBuildFile; fileRef = 2129ACFA26D1C81600996D17 /* LandmarksDataSource.swift */; };
		212D272926B45B4C0049253E /* CustomCell.swift in Sources */ = {isa = PBXBuildFile; fileRef = 212D272826B45B4C0049253E /* CustomCell.swift */; };
		212D272B26B5CBD50049253E /* LandmarkDetailViewController.swift in Sources */ = {isa = PBXBuildFile; fileRef = 212D272A26B5CBD50049253E /* LandmarkDetailViewController.swift */; };
		2130C14C2733A0BD00B320E9 /* Notifications.swift in Sources */ = {isa = PBXBuildFile; fileRef = 2130C14B2733A0BD00B320E9 /* Notifications.swift */; };
		2138525826D5BF7600D0FAD8 /* UIImage+Extensions.swift in Sources */ = {isa = PBXBuildFile; fileRef = 2138525726D5BF7600D0FAD8 /* UIImage+Extensions.swift */; };
		2190604C26E3F22B0053D9BF /* TabBarViewController.swift in Sources */ = {isa = PBXBuildFile; fileRef = 2190604B26E3F22B0053D9BF /* TabBarViewController.swift */; };
		2190604E26E411F80053D9BF /* MapViewController.swift in Sources */ = {isa = PBXBuildFile; fileRef = 2190604D26E411F80053D9BF /* MapViewController.swift */; };
		2196A29E26EC54E800970A4B /* MapLandmarkView.swift in Sources */ = {isa = PBXBuildFile; fileRef = 2196A29D26EC54E700970A4B /* MapLandmarkView.swift */; };
		21BED98026AF28FF004949E0 /* AppDelegate.swift in Sources */ = {isa = PBXBuildFile; fileRef = 21BED97F26AF28FF004949E0 /* AppDelegate.swift */; };
		21BED98226AF28FF004949E0 /* SceneDelegate.swift in Sources */ = {isa = PBXBuildFile; fileRef = 21BED98126AF28FF004949E0 /* SceneDelegate.swift */; };
		21BED98426AF28FF004949E0 /* LandmarksViewController.swift in Sources */ = {isa = PBXBuildFile; fileRef = 21BED98326AF28FF004949E0 /* LandmarksViewController.swift */; };
		21BED98926AF2902004949E0 /* Assets.xcassets in Resources */ = {isa = PBXBuildFile; fileRef = 21BED98826AF2902004949E0 /* Assets.xcassets */; };
		21BED98C26AF2902004949E0 /* LaunchScreen.storyboard in Resources */ = {isa = PBXBuildFile; fileRef = 21BED98A26AF2902004949E0 /* LaunchScreen.storyboard */; };
		21BED99526AF6DB2004949E0 /* Landmark.swift in Sources */ = {isa = PBXBuildFile; fileRef = 21BED99426AF6DB2004949E0 /* Landmark.swift */; };
		21BED99726AF6DC4004949E0 /* WeatherReport.swift in Sources */ = {isa = PBXBuildFile; fileRef = 21BED99626AF6DC4004949E0 /* WeatherReport.swift */; };
		21BED99A26AF74AD004949E0 /* WeatherStore.swift in Sources */ = {isa = PBXBuildFile; fileRef = 21BED99926AF74AD004949E0 /* WeatherStore.swift */; };
		21BED99C26B0E2D9004949E0 /* LocalWeatherStore.swift in Sources */ = {isa = PBXBuildFile; fileRef = 21BED99B26B0E2D9004949E0 /* LocalWeatherStore.swift */; };
		21C499EF26D4524900CEAB30 /* String+Extensions.swift in Sources */ = {isa = PBXBuildFile; fileRef = 21C499EE26D4524900CEAB30 /* String+Extensions.swift */; };
		21DC1FF926D6E3FE00BBE107 /* Int+Extensions.swift in Sources */ = {isa = PBXBuildFile; fileRef = 21DC1FF826D6E3FE00BBE107 /* Int+Extensions.swift */; };
		21E2684426BF437500C955AA /* HourlyWeatherTableViewCell.swift in Sources */ = {isa = PBXBuildFile; fileRef = 21E2684326BF437500C955AA /* HourlyWeatherTableViewCell.swift */; };
/* End PBXBuildFile section */

/* Begin PBXFileReference section */
		2129ACF626D1421F00996D17 /* NetworkWeatherStore.swift */ = {isa = PBXFileReference; lastKnownFileType = sourcecode.swift; path = NetworkWeatherStore.swift; sourceTree = "<group>"; };
		2129ACF826D1497600996D17 /* NetworkManager.swift */ = {isa = PBXFileReference; lastKnownFileType = sourcecode.swift; path = NetworkManager.swift; sourceTree = "<group>"; };
		2129ACFA26D1C81600996D17 /* LandmarksDataSource.swift */ = {isa = PBXFileReference; lastKnownFileType = sourcecode.swift; path = LandmarksDataSource.swift; sourceTree = "<group>"; };
		212D272826B45B4C0049253E /* CustomCell.swift */ = {isa = PBXFileReference; lastKnownFileType = sourcecode.swift; path = CustomCell.swift; sourceTree = "<group>"; };
		212D272A26B5CBD50049253E /* LandmarkDetailViewController.swift */ = {isa = PBXFileReference; lastKnownFileType = sourcecode.swift; path = LandmarkDetailViewController.swift; sourceTree = "<group>"; };
		2130C14B2733A0BD00B320E9 /* Notifications.swift */ = {isa = PBXFileReference; lastKnownFileType = sourcecode.swift; path = Notifications.swift; sourceTree = "<group>"; };
		2138525726D5BF7600D0FAD8 /* UIImage+Extensions.swift */ = {isa = PBXFileReference; lastKnownFileType = sourcecode.swift; path = "UIImage+Extensions.swift"; sourceTree = "<group>"; };
		2190604B26E3F22B0053D9BF /* TabBarViewController.swift */ = {isa = PBXFileReference; lastKnownFileType = sourcecode.swift; path = TabBarViewController.swift; sourceTree = "<group>"; };
		2190604D26E411F80053D9BF /* MapViewController.swift */ = {isa = PBXFileReference; lastKnownFileType = sourcecode.swift; path = MapViewController.swift; sourceTree = "<group>"; };
		2196A29D26EC54E700970A4B /* MapLandmarkView.swift */ = {isa = PBXFileReference; lastKnownFileType = sourcecode.swift; name = MapLandmarkView.swift; path = tlaloc/Views/MapLandmarkView.swift; sourceTree = SOURCE_ROOT; };
		21BED97C26AF28FF004949E0 /* tlaloc.app */ = {isa = PBXFileReference; explicitFileType = wrapper.application; includeInIndex = 0; path = tlaloc.app; sourceTree = BUILT_PRODUCTS_DIR; };
		21BED97F26AF28FF004949E0 /* AppDelegate.swift */ = {isa = PBXFileReference; lastKnownFileType = sourcecode.swift; path = AppDelegate.swift; sourceTree = "<group>"; };
		21BED98126AF28FF004949E0 /* SceneDelegate.swift */ = {isa = PBXFileReference; lastKnownFileType = sourcecode.swift; path = SceneDelegate.swift; sourceTree = "<group>"; };
		21BED98326AF28FF004949E0 /* LandmarksViewController.swift */ = {isa = PBXFileReference; lastKnownFileType = sourcecode.swift; path = LandmarksViewController.swift; sourceTree = "<group>"; };
		21BED98826AF2902004949E0 /* Assets.xcassets */ = {isa = PBXFileReference; lastKnownFileType = folder.assetcatalog; path = Assets.xcassets; sourceTree = "<group>"; };
		21BED98B26AF2902004949E0 /* Base */ = {isa = PBXFileReference; lastKnownFileType = file.storyboard; name = Base; path = Base.lproj/LaunchScreen.storyboard; sourceTree = "<group>"; };
		21BED98D26AF2902004949E0 /* Info.plist */ = {isa = PBXFileReference; lastKnownFileType = text.plist.xml; path = Info.plist; sourceTree = "<group>"; };
		21BED99326AF5601004949E0 /* README.md */ = {isa = PBXFileReference; lastKnownFileType = net.daringfireball.markdown; path = README.md; sourceTree = "<group>"; };
		21BED99426AF6DB2004949E0 /* Landmark.swift */ = {isa = PBXFileReference; lastKnownFileType = sourcecode.swift; path = Landmark.swift; sourceTree = "<group>"; };
		21BED99626AF6DC4004949E0 /* WeatherReport.swift */ = {isa = PBXFileReference; lastKnownFileType = sourcecode.swift; path = WeatherReport.swift; sourceTree = "<group>"; };
		21BED99926AF74AD004949E0 /* WeatherStore.swift */ = {isa = PBXFileReference; lastKnownFileType = sourcecode.swift; path = WeatherStore.swift; sourceTree = "<group>"; };
		21BED99B26B0E2D9004949E0 /* LocalWeatherStore.swift */ = {isa = PBXFileReference; lastKnownFileType = sourcecode.swift; path = LocalWeatherStore.swift; sourceTree = "<group>"; };
		21C499EE26D4524900CEAB30 /* String+Extensions.swift */ = {isa = PBXFileReference; lastKnownFileType = sourcecode.swift; path = "String+Extensions.swift"; sourceTree = "<group>"; };
		21DC1FF826D6E3FE00BBE107 /* Int+Extensions.swift */ = {isa = PBXFileReference; lastKnownFileType = sourcecode.swift; path = "Int+Extensions.swift"; sourceTree = "<group>"; };
		21E2684326BF437500C955AA /* HourlyWeatherTableViewCell.swift */ = {isa = PBXFileReference; lastKnownFileType = sourcecode.swift; path = HourlyWeatherTableViewCell.swift; sourceTree = "<group>"; };
/* End PBXFileReference section */

/* Begin PBXFrameworksBuildPhase section */
		21BED97926AF28FF004949E0 /* Frameworks */ = {
			isa = PBXFrameworksBuildPhase;
			buildActionMask = 2147483647;
			files = (
			);
			runOnlyForDeploymentPostprocessing = 0;
		};
/* End PBXFrameworksBuildPhase section */

/* Begin PBXGroup section */
		21BED97326AF28FF004949E0 = {
			isa = PBXGroup;
			children = (
				21BED97E26AF28FF004949E0 /* tlaloc */,
				21BED97D26AF28FF004949E0 /* Products */,
			);
			sourceTree = "<group>";
		};
		21BED97D26AF28FF004949E0 /* Products */ = {
			isa = PBXGroup;
			children = (
				21BED97C26AF28FF004949E0 /* tlaloc.app */,
			);
			name = Products;
			sourceTree = "<group>";
		};
		21BED97E26AF28FF004949E0 /* tlaloc */ = {
			isa = PBXGroup;
			children = (
				2129ACF826D1497600996D17 /* NetworkManager.swift */,
				21BED97F26AF28FF004949E0 /* AppDelegate.swift */,
				21DC1FF826D6E3FE00BBE107 /* Int+Extensions.swift */,
				21BED98126AF28FF004949E0 /* SceneDelegate.swift */,
				21C499EE26D4524900CEAB30 /* String+Extensions.swift */,
				2129ACFA26D1C81600996D17 /* LandmarksDataSource.swift */,
				21DC1FFB26D6EFD600BBE107 /* ViewControllers */,
				21BED99826AF730F004949E0 /* Model */,
				21DC1FFA26D6EFA600BBE107 /* Views */,
				2138525726D5BF7600D0FAD8 /* UIImage+Extensions.swift */,
				21BED98826AF2902004949E0 /* Assets.xcassets */,
				21BED98A26AF2902004949E0 /* LaunchScreen.storyboard */,
				21BED98D26AF2902004949E0 /* Info.plist */,
				21BED99326AF5601004949E0 /* README.md */,
			);
			path = tlaloc;
			sourceTree = "<group>";
		};
		21BED99826AF730F004949E0 /* Model */ = {
			isa = PBXGroup;
			children = (
				21BED99926AF74AD004949E0 /* WeatherStore.swift */,
				21BED99B26B0E2D9004949E0 /* LocalWeatherStore.swift */,
				2129ACF626D1421F00996D17 /* NetworkWeatherStore.swift */,
				21BED99626AF6DC4004949E0 /* WeatherReport.swift */,
				21BED99426AF6DB2004949E0 /* Landmark.swift */,
				2130C14B2733A0BD00B320E9 /* Notifications.swift */,
			);
			path = Model;
			sourceTree = "<group>";
		};
		21DC1FFA26D6EFA600BBE107 /* Views */ = {
			isa = PBXGroup;
			children = (
				2196A29D26EC54E700970A4B /* MapLandmarkView.swift */,
				21E2684326BF437500C955AA /* HourlyWeatherTableViewCell.swift */,
				212D272826B45B4C0049253E /* CustomCell.swift */,
			);
			path = Views;
			sourceTree = "<group>";
		};
		21DC1FFB26D6EFD600BBE107 /* ViewControllers */ = {
			isa = PBXGroup;
			children = (
				2190604B26E3F22B0053D9BF /* TabBarViewController.swift */,
				212D272A26B5CBD50049253E /* LandmarkDetailViewController.swift */,
				21BED98326AF28FF004949E0 /* LandmarksViewController.swift */,
				2190604D26E411F80053D9BF /* MapViewController.swift */,
			);
			path = ViewControllers;
			sourceTree = "<group>";
		};
/* End PBXGroup section */

/* Begin PBXNativeTarget section */
		21BED97B26AF28FF004949E0 /* tlaloc */ = {
			isa = PBXNativeTarget;
			buildConfigurationList = 21BED99026AF2902004949E0 /* Build configuration list for PBXNativeTarget "tlaloc" */;
			buildPhases = (
				21BED97826AF28FF004949E0 /* Sources */,
				21BED97926AF28FF004949E0 /* Frameworks */,
				21BED97A26AF28FF004949E0 /* Resources */,
			);
			buildRules = (
			);
			dependencies = (
			);
			name = tlaloc;
			productName = tlaloc;
			productReference = 21BED97C26AF28FF004949E0 /* tlaloc.app */;
			productType = "com.apple.product-type.application";
		};
/* End PBXNativeTarget section */

/* Begin PBXProject section */
		21BED97426AF28FF004949E0 /* Project object */ = {
			isa = PBXProject;
			attributes = {
				LastSwiftUpdateCheck = 1250;
				LastUpgradeCheck = 1250;
				TargetAttributes = {
					21BED97B26AF28FF004949E0 = {
						CreatedOnToolsVersion = 12.5;
					};
				};
			};
			buildConfigurationList = 21BED97726AF28FF004949E0 /* Build configuration list for PBXProject "tlaloc" */;
			compatibilityVersion = "Xcode 9.3";
			developmentRegion = en;
			hasScannedForEncodings = 0;
			knownRegions = (
				en,
				Base,
			);
			mainGroup = 21BED97326AF28FF004949E0;
			productRefGroup = 21BED97D26AF28FF004949E0 /* Products */;
			projectDirPath = "";
			projectRoot = "";
			targets = (
				21BED97B26AF28FF004949E0 /* tlaloc */,
			);
		};
/* End PBXProject section */

/* Begin PBXResourcesBuildPhase section */
		21BED97A26AF28FF004949E0 /* Resources */ = {
			isa = PBXResourcesBuildPhase;
			buildActionMask = 2147483647;
			files = (
				21BED98C26AF2902004949E0 /* LaunchScreen.storyboard in Resources */,
				21BED98926AF2902004949E0 /* Assets.xcassets in Resources */,
			);
			runOnlyForDeploymentPostprocessing = 0;
		};
/* End PBXResourcesBuildPhase section */

/* Begin PBXSourcesBuildPhase section */
		21BED97826AF28FF004949E0 /* Sources */ = {
			isa = PBXSourcesBuildPhase;
			buildActionMask = 2147483647;
			files = (
				2130C14C2733A0BD00B320E9 /* Notifications.swift in Sources */,
				2129ACFB26D1C81600996D17 /* LandmarksDataSource.swift in Sources */,
				2196A29E26EC54E800970A4B /* MapLandmarkView.swift in Sources */,
				2129ACF926D1497600996D17 /* NetworkManager.swift in Sources */,
				21E2684426BF437500C955AA /* HourlyWeatherTableViewCell.swift in Sources */,
				21BED99A26AF74AD004949E0 /* WeatherStore.swift in Sources */,
				21BED98426AF28FF004949E0 /* LandmarksViewController.swift in Sources */,
				21DC1FF926D6E3FE00BBE107 /* Int+Extensions.swift in Sources */,
				21BED98026AF28FF004949E0 /* AppDelegate.swift in Sources */,
				212D272B26B5CBD50049253E /* LandmarkDetailViewController.swift in Sources */,
				21BED99C26B0E2D9004949E0 /* LocalWeatherStore.swift in Sources */,
				2190604C26E3F22B0053D9BF /* TabBarViewController.swift in Sources */,
				21C499EF26D4524900CEAB30 /* String+Extensions.swift in Sources */,
				21BED99726AF6DC4004949E0 /* WeatherReport.swift in Sources */,
				2129ACF726D1421F00996D17 /* NetworkWeatherStore.swift in Sources */,
				2190604E26E411F80053D9BF /* MapViewController.swift in Sources */,
				21BED98226AF28FF004949E0 /* SceneDelegate.swift in Sources */,
				212D272926B45B4C0049253E /* CustomCell.swift in Sources */,
				21BED99526AF6DB2004949E0 /* Landmark.swift in Sources */,
				2138525826D5BF7600D0FAD8 /* UIImage+Extensions.swift in Sources */,
			);
			runOnlyForDeploymentPostprocessing = 0;
		};
/* End PBXSourcesBuildPhase section */

/* Begin PBXVariantGroup section */
		21BED98A26AF2902004949E0 /* LaunchScreen.storyboard */ = {
			isa = PBXVariantGroup;
			children = (
				21BED98B26AF2902004949E0 /* Base */,
			);
			name = LaunchScreen.storyboard;
			sourceTree = "<group>";
		};
/* End PBXVariantGroup section */

/* Begin XCBuildConfiguration section */
		21BED98E26AF2902004949E0 /* Debug */ = {
			isa = XCBuildConfiguration;
			buildSettings = {
				ALWAYS_SEARCH_USER_PATHS = NO;
				CLANG_ANALYZER_NONNULL = YES;
				CLANG_ANALYZER_NUMBER_OBJECT_CONVERSION = YES_AGGRESSIVE;
				CLANG_CXX_LANGUAGE_STANDARD = "gnu++14";
				CLANG_CXX_LIBRARY = "libc++";
				CLANG_ENABLE_MODULES = YES;
				CLANG_ENABLE_OBJC_ARC = YES;
				CLANG_ENABLE_OBJC_WEAK = YES;
				CLANG_WARN_BLOCK_CAPTURE_AUTORELEASING = YES;
				CLANG_WARN_BOOL_CONVERSION = YES;
				CLANG_WARN_COMMA = YES;
				CLANG_WARN_CONSTANT_CONVERSION = YES;
				CLANG_WARN_DEPRECATED_OBJC_IMPLEMENTATIONS = YES;
				CLANG_WARN_DIRECT_OBJC_ISA_USAGE = YES_ERROR;
				CLANG_WARN_DOCUMENTATION_COMMENTS = YES;
				CLANG_WARN_EMPTY_BODY = YES;
				CLANG_WARN_ENUM_CONVERSION = YES;
				CLANG_WARN_INFINITE_RECURSION = YES;
				CLANG_WARN_INT_CONVERSION = YES;
				CLANG_WARN_NON_LITERAL_NULL_CONVERSION = YES;
				CLANG_WARN_OBJC_IMPLICIT_RETAIN_SELF = YES;
				CLANG_WARN_OBJC_LITERAL_CONVERSION = YES;
				CLANG_WARN_OBJC_ROOT_CLASS = YES_ERROR;
				CLANG_WARN_QUOTED_INCLUDE_IN_FRAMEWORK_HEADER = YES;
				CLANG_WARN_RANGE_LOOP_ANALYSIS = YES;
				CLANG_WARN_STRICT_PROTOTYPES = YES;
				CLANG_WARN_SUSPICIOUS_MOVE = YES;
				CLANG_WARN_UNGUARDED_AVAILABILITY = YES_AGGRESSIVE;
				CLANG_WARN_UNREACHABLE_CODE = YES;
				CLANG_WARN__DUPLICATE_METHOD_MATCH = YES;
				COPY_PHASE_STRIP = NO;
				DEBUG_INFORMATION_FORMAT = dwarf;
				ENABLE_STRICT_OBJC_MSGSEND = YES;
				ENABLE_TESTABILITY = YES;
				GCC_C_LANGUAGE_STANDARD = gnu11;
				GCC_DYNAMIC_NO_PIC = NO;
				GCC_NO_COMMON_BLOCKS = YES;
				GCC_OPTIMIZATION_LEVEL = 0;
				GCC_PREPROCESSOR_DEFINITIONS = (
					"DEBUG=1",
					"$(inherited)",
				);
				GCC_WARN_64_TO_32_BIT_CONVERSION = YES;
				GCC_WARN_ABOUT_RETURN_TYPE = YES_ERROR;
				GCC_WARN_UNDECLARED_SELECTOR = YES;
				GCC_WARN_UNINITIALIZED_AUTOS = YES_AGGRESSIVE;
				GCC_WARN_UNUSED_FUNCTION = YES;
				GCC_WARN_UNUSED_VARIABLE = YES;
				IPHONEOS_DEPLOYMENT_TARGET = 14.5;
				MTL_ENABLE_DEBUG_INFO = INCLUDE_SOURCE;
				MTL_FAST_MATH = YES;
				ONLY_ACTIVE_ARCH = YES;
				SDKROOT = iphoneos;
				SWIFT_ACTIVE_COMPILATION_CONDITIONS = DEBUG;
				SWIFT_OPTIMIZATION_LEVEL = "-Onone";
			};
			name = Debug;
		};
		21BED98F26AF2902004949E0 /* Release */ = {
			isa = XCBuildConfiguration;
			buildSettings = {
				ALWAYS_SEARCH_USER_PATHS = NO;
				CLANG_ANALYZER_NONNULL = YES;
				CLANG_ANALYZER_NUMBER_OBJECT_CONVERSION = YES_AGGRESSIVE;
				CLANG_CXX_LANGUAGE_STANDARD = "gnu++14";
				CLANG_CXX_LIBRARY = "libc++";
				CLANG_ENABLE_MODULES = YES;
				CLANG_ENABLE_OBJC_ARC = YES;
				CLANG_ENABLE_OBJC_WEAK = YES;
				CLANG_WARN_BLOCK_CAPTURE_AUTORELEASING = YES;
				CLANG_WARN_BOOL_CONVERSION = YES;
				CLANG_WARN_COMMA = YES;
				CLANG_WARN_CONSTANT_CONVERSION = YES;
				CLANG_WARN_DEPRECATED_OBJC_IMPLEMENTATIONS = YES;
				CLANG_WARN_DIRECT_OBJC_ISA_USAGE = YES_ERROR;
				CLANG_WARN_DOCUMENTATION_COMMENTS = YES;
				CLANG_WARN_EMPTY_BODY = YES;
				CLANG_WARN_ENUM_CONVERSION = YES;
				CLANG_WARN_INFINITE_RECURSION = YES;
				CLANG_WARN_INT_CONVERSION = YES;
				CLANG_WARN_NON_LITERAL_NULL_CONVERSION = YES;
				CLANG_WARN_OBJC_IMPLICIT_RETAIN_SELF = YES;
				CLANG_WARN_OBJC_LITERAL_CONVERSION = YES;
				CLANG_WARN_OBJC_ROOT_CLASS = YES_ERROR;
				CLANG_WARN_QUOTED_INCLUDE_IN_FRAMEWORK_HEADER = YES;
				CLANG_WARN_RANGE_LOOP_ANALYSIS = YES;
				CLANG_WARN_STRICT_PROTOTYPES = YES;
				CLANG_WARN_SUSPICIOUS_MOVE = YES;
				CLANG_WARN_UNGUARDED_AVAILABILITY = YES_AGGRESSIVE;
				CLANG_WARN_UNREACHABLE_CODE = YES;
				CLANG_WARN__DUPLICATE_METHOD_MATCH = YES;
				COPY_PHASE_STRIP = NO;
				DEBUG_INFORMATION_FORMAT = "dwarf-with-dsym";
				ENABLE_NS_ASSERTIONS = NO;
				ENABLE_STRICT_OBJC_MSGSEND = YES;
				GCC_C_LANGUAGE_STANDARD = gnu11;
				GCC_NO_COMMON_BLOCKS = YES;
				GCC_WARN_64_TO_32_BIT_CONVERSION = YES;
				GCC_WARN_ABOUT_RETURN_TYPE = YES_ERROR;
				GCC_WARN_UNDECLARED_SELECTOR = YES;
				GCC_WARN_UNINITIALIZED_AUTOS = YES_AGGRESSIVE;
				GCC_WARN_UNUSED_FUNCTION = YES;
				GCC_WARN_UNUSED_VARIABLE = YES;
				IPHONEOS_DEPLOYMENT_TARGET = 14.5;
				MTL_ENABLE_DEBUG_INFO = NO;
				MTL_FAST_MATH = YES;
				SDKROOT = iphoneos;
				SWIFT_COMPILATION_MODE = wholemodule;
				SWIFT_OPTIMIZATION_LEVEL = "-O";
				VALIDATE_PRODUCT = YES;
			};
			name = Release;
		};
		21BED99126AF2902004949E0 /* Debug */ = {
			isa = XCBuildConfiguration;
			buildSettings = {
				ASSETCATALOG_COMPILER_APPICON_NAME = AppIcon;
				ASSETCATALOG_COMPILER_GLOBAL_ACCENT_COLOR_NAME = AccentColor;
				CODE_SIGN_STYLE = Automatic;
				CURRENT_PROJECT_VERSION = 2;
				DEVELOPMENT_TEAM = 44UU9Z7ZHH;
				INFOPLIST_FILE = tlaloc/Info.plist;
				LD_RUNPATH_SEARCH_PATHS = (
					"$(inherited)",
					"@executable_path/Frameworks",
				);
				MARKETING_VERSION = 1.0;
				PRODUCT_BUNDLE_IDENTIFIER = com.mgranados.tlaloc;
				PRODUCT_NAME = "$(TARGET_NAME)";
				SWIFT_VERSION = 5.0;
				TARGETED_DEVICE_FAMILY = 1;
			};
			name = Debug;
		};
		21BED99226AF2902004949E0 /* Release */ = {
			isa = XCBuildConfiguration;
			buildSettings = {
				ASSETCATALOG_COMPILER_APPICON_NAME = AppIcon;
				ASSETCATALOG_COMPILER_GLOBAL_ACCENT_COLOR_NAME = AccentColor;
				CODE_SIGN_STYLE = Automatic;
				CURRENT_PROJECT_VERSION = 2;
				DEVELOPMENT_TEAM = 44UU9Z7ZHH;
				INFOPLIST_FILE = tlaloc/Info.plist;
				LD_RUNPATH_SEARCH_PATHS = (
					"$(inherited)",
					"@executable_path/Frameworks",
				);
				MARKETING_VERSION = 1.0;
				PRODUCT_BUNDLE_IDENTIFIER = com.mgranados.tlaloc;
				PRODUCT_NAME = "$(TARGET_NAME)";
				SWIFT_VERSION = 5.0;
				TARGETED_DEVICE_FAMILY = 1;
			};
			name = Release;
		};
/* End XCBuildConfiguration section */

/* Begin XCConfigurationList section */
		21BED97726AF28FF004949E0 /* Build configuration list for PBXProject "tlaloc" */ = {
			isa = XCConfigurationList;
			buildConfigurations = (
				21BED98E26AF2902004949E0 /* Debug */,
				21BED98F26AF2902004949E0 /* Release */,
			);
			defaultConfigurationIsVisible = 0;
			defaultConfigurationName = Release;
		};
		21BED99026AF2902004949E0 /* Build configuration list for PBXNativeTarget "tlaloc" */ = {
			isa = XCConfigurationList;
			buildConfigurations = (
				21BED99126AF2902004949E0 /* Debug */,
				21BED99226AF2902004949E0 /* Release */,
			);
			defaultConfigurationIsVisible = 0;
			defaultConfigurationName = Release;
		};
/* End XCConfigurationList section */
	};
	rootObject = 21BED97426AF28FF004949E0 /* Project object */;
}
